# THIS IS AN AUTOGENERATED FILE. DO NOT EDIT THIS FILE DIRECTLY.
# yarn lockfile v1


"@babel/runtime@7.x":
  version "7.5.5"
  resolved "https://registry.yarnpkg.com/@babel/runtime/-/runtime-7.5.5.tgz#74fba56d35efbeca444091c7850ccd494fd2f132"
  integrity sha512-28QvEGyQyNkB0/m2B4FU7IEZGK2NUrcMtT6BZEFALTguLk+AUT6ofsHtPk5QyjAdUkpMJ+/Em+quwz4HOt30AQ==
  dependencies:
    regenerator-runtime "^0.13.2"

"@vant/icons@1.1.13":
  version "1.1.13"
  resolved "https://registry.yarnpkg.com/@vant/icons/-/icons-1.1.13.tgz#ea77298f4f2b19ccc761005068a2c7436098e4d4"
  integrity sha512-r2EoKDQ4Xh82fo5jVY/m/+LZFfRhHp+ViagySExzlJ7t6JFtmK1OqB6HdFkXXbfEzB/48BvGoPVifFoYzke6KQ==

"@vue/babel-helper-vue-jsx-merge-props@^1.0.0":
  version "1.0.0"
  resolved "https://registry.yarnpkg.com/@vue/babel-helper-vue-jsx-merge-props/-/babel-helper-vue-jsx-merge-props-1.0.0.tgz#048fe579958da408fb7a8b2a3ec050b50a661040"
  integrity sha512-6tyf5Cqm4m6v7buITuwS+jHzPlIPxbFzEhXR5JGZpbrvOcp1hiQKckd305/3C7C36wFekNTQSxAtgeM0j0yoUw==

regenerator-runtime@^0.13.2:
  version "0.13.3"
  resolved "https://registry.yarnpkg.com/regenerator-runtime/-/regenerator-runtime-0.13.3.tgz#7cf6a77d8f5c6f60eb73c5fc1955b2ceb01e6bf5"
  integrity sha512-naKIZz2GQ8JWh///G7L3X6LaQUAMp2lvb1rvwwsURe/VXwD6VMfr+/1NuNw3ag8v2kY1aQ/go5SNn79O9JU7yw==

vant@^2.1.5:
  version "2.1.5"
  resolved "https://registry.yarnpkg.com/vant/-/vant-2.1.5.tgz#cef25202faaac02083c548805cdb796dacf6a9cb"
  integrity sha512-kkVI8dRp7csKYQGByfEhoLte54dnD2R9OBmydApRJTcXoSi9LpCJifhOtRXBxaNs1yQ704cncPBFhVwe4tFqmA==
  dependencies:
    "@babel/runtime" "7.x"
    "@vant/icons" "1.1.13"
    "@vue/babel-helper-vue-jsx-merge-props" "^1.0.0"
    vue-lazyload "1.2.3"

vue-lazyload@1.2.3:
  version "1.2.3"
  resolved "https://registry.yarnpkg.com/vue-lazyload/-/vue-lazyload-1.2.3.tgz#901f9ec15c7e6ca78781a2bae4a343686bdedb2c"
  integrity sha512-DC0ZwxanbRhx79tlA3zY5OYJkH8FYp3WBAnAJbrcuoS8eye1P73rcgAZhyxFSPUluJUTelMB+i/+VkNU/qVm7g==
