# THIS IS AN AUTOGENERATED FILE. DO NOT EDIT THIS FILE DIRECTLY.
# yarn lockfile v1


lottie-web@^5.5.6:
  version "5.5.6"
  resolved "https://registry.yarnpkg.com/lottie-web/-/lottie-web-5.5.6.tgz#3aa77cb13510ca4121d17e31efcd7978e75e9298"
  integrity sha512-UUUIjKT9BncCHFIJEfb+1glvd+8MLjrAP1mbX2atE7A9TAtZn3yEz96k5K/n2pC20tEL7Q4xKaN1qyXp+6YSDg==
